
Microsoft Visual Studio Solution File, Format Version 12.00
# Visual Studio Version 17
VisualStudioVersion = 17.14.36930.0 d17.14
MinimumVisualStudioVersion = 10.0.40219.1
Project("{FAE04EC0-301F-11D3-BF4B-00C04F79EFBC}") = "LaboDictionaryCrypto", "LaboDictionaryCrypto\LaboDictionaryCrypto.csproj", "{8500FE08-ED1F-4A66-AE65-82CB91A98B67}"
EndProject
Global
	GlobalSection(SolutionConfigurationPlatforms) = preSolution
		Debug|Any CPU = Debug|Any CPU
		Release|Any CPU = Release|Any CPU
	EndGlobalSection
	GlobalSection(ProjectConfigurationPlatforms) = postSolution
		{8500FE08-ED1F-4A66-AE65-82CB91A98B67}.Debug|Any CPU.ActiveCfg = Debug|Any CPU
		{8500FE08-ED1F-4A66-AE65-82CB91A98B67}.Debug|Any CPU.Build.0 = Debug|Any CPU
		{8500FE08-ED1F-4A66-AE65-82CB91A98B67}.Release|Any CPU.ActiveCfg = Release|Any CPU
		{8500FE08-ED1F-4A66-AE65-82CB91A98B67}.Release|Any CPU.Build.0 = Release|Any CPU
	EndGlobalSection
	GlobalSection(SolutionProperties) = preSolution
		HideSolutionNode = FALSE
	EndGlobalSection
	GlobalSection(ExtensibilityGlobals) = postSolution
		SolutionGuid = {19B60E2D-1669-4AFB-86C2-0B8C95763EEF}
	EndGlobalSection
EndGlobal
